
Microsoft Visual Studio Solution File, Format Version 12.00
# Visual Studio Version 17
VisualStudioVersion = 17.7.34031.279
MinimumVisualStudioVersion = 10.0.40219.1
Project("{9A19103F-16F7-4668-BE54-9A1E7A4F7556}") = "Firma.Project.Hexagonal.Sample.WebApi", "Firma.Project.Hexagonal.Sample.WebApi\Firma.Project.Hexagonal.Sample.WebApi.csproj", "{86771901-BC49-4477-B5F8-BBAF484CCA5F}"
EndProject
Project("{9A19103F-16F7-4668-BE54-9A1E7A4F7556}") = "Firma.Project.Hexagonal.Sample.BackForFront", "Firma.Project.Hexagonal.Sample.BackForFront\Firma.Project.Hexagonal.Sample.BackForFront.csproj", "{D7EEA1FF-A3CB-4C0D-836A-5CC86C7144F5}"
EndProject
Global
	GlobalSection(SolutionConfigurationPlatforms) = preSolution
		Debug|Any CPU = Debug|Any CPU
		Release|Any CPU = Release|Any CPU
	EndGlobalSection
	GlobalSection(ProjectConfigurationPlatforms) = postSolution
		{86771901-BC49-4477-B5F8-BBAF484CCA5F}.Debug|Any CPU.ActiveCfg = Debug|Any CPU
		{86771901-BC49-4477-B5F8-BBAF484CCA5F}.Debug|Any CPU.Build.0 = Debug|Any CPU
		{86771901-BC49-4477-B5F8-BBAF484CCA5F}.Release|Any CPU.ActiveCfg = Release|Any CPU
		{86771901-BC49-4477-B5F8-BBAF484CCA5F}.Release|Any CPU.Build.0 = Release|Any CPU
		{D7EEA1FF-A3CB-4C0D-836A-5CC86C7144F5}.Debug|Any CPU.ActiveCfg = Debug|Any CPU
		{D7EEA1FF-A3CB-4C0D-836A-5CC86C7144F5}.Debug|Any CPU.Build.0 = Debug|Any CPU
		{D7EEA1FF-A3CB-4C0D-836A-5CC86C7144F5}.Release|Any CPU.ActiveCfg = Release|Any CPU
		{D7EEA1FF-A3CB-4C0D-836A-5CC86C7144F5}.Release|Any CPU.Build.0 = Release|Any CPU
	EndGlobalSection
	GlobalSection(SolutionProperties) = preSolution
		HideSolutionNode = FALSE
	EndGlobalSection
	GlobalSection(ExtensibilityGlobals) = postSolution
		SolutionGuid = {51321EB0-D3D0-434B-94F0-C3330A27B66F}
	EndGlobalSection
EndGlobal
